{
  "name": "metalsmith-organizer",
  "version": "1.0.0",
  "lockfileVersion": 1,
  "dependencies": {
    "moment": {
      "version": "2.18.1",
      "resolved": "https://registry.npmjs.org/moment/-/moment-2.18.1.tgz",
      "integrity": "sha1-w2GT3Tzhwu7SrbfIAtu8d6gbHA8="
    },
    "slug": {
      "version": "0.9.1",
      "resolved": "https://registry.npmjs.org/slug/-/slug-0.9.1.tgz",
      "integrity": "sha1-rwj2CKfBFRa2F3iqgA3OhMUYz9o="
    },
    "unicode": {
      "version": "9.0.1",
      "resolved": "https://registry.npmjs.org/unicode/-/unicode-9.0.1.tgz",
      "integrity": "sha1-EEcGJyxkZMV0gBvhsIb3JFzyUVg="
    }
  }
}
